{
    "name": "mandelbrot",
    "version": "1.0.0",
    "lockfileVersion": 2,
    "requires": true,
    "packages": {
        "": {
            "name": "mandelbrot",
            "version": "1.0.0",
            "license": "Apache License v2.0",
            "dependencies": {
                "systeminformation": "^5.21.7"
            }
        },
        "node_modules/systeminformation": {
            "version": "5.21.7",
            "resolved": "https://registry.npmjs.org/systeminformation/-/systeminformation-5.21.7.tgz",
            "integrity": "sha512-K3LjnajrazTLTD61+87DFg8IXFk5ljx6nSBqB8pQLtC1UPivAjDtTYGPZ8jaBFxcesPaCOkvLRtBq+RFscrsLw==",
            "os": [
                "darwin",
                "linux",
                "win32",
                "freebsd",
                "openbsd",
                "netbsd",
                "sunos",
                "android"
            ],
            "bin": {
                "systeminformation": "lib/cli.js"
            },
            "engines": {
                "node": ">=8.0.0"
            },
            "funding": {
                "type": "Buy me a coffee",
                "url": "https://www.buymeacoffee.com/systeminfo"
            }
        }
    },
    "dependencies": {
        "systeminformation": {
            "version": "5.21.7",
            "resolved": "https://registry.npmjs.org/systeminformation/-/systeminformation-5.21.7.tgz",
            "integrity": "sha512-K3LjnajrazTLTD61+87DFg8IXFk5ljx6nSBqB8pQLtC1UPivAjDtTYGPZ8jaBFxcesPaCOkvLRtBq+RFscrsLw=="
        }
    }
}
