{
  "name": "mandelbrot",
  "version": "1.0.0",
  "lockfileVersion": 1,
  "requires": true,
  "dependencies": {
    "systeminformation": {
      "version": "4.21.2",
      "resolved": "https://registry.npmjs.org/systeminformation/-/systeminformation-4.21.2.tgz",
      "integrity": "sha512-7O6laxHTstfj9MSrX77lKLfWz0zqqutWL0+uoJkR7sOOr4XCTwD0QG4shUVCiOWlVX+a8/gHJUio420FrSk8/w=="
    }
  }
}
