{
    "name": "mandelbrot",
    "version": "1.0.0",
    "lockfileVersion": 2,
    "requires": true,
    "packages": {
        "": {
            "version": "1.0.0",
            "license": "Apache License v2.0",
            "dependencies": {
                "systeminformation": "^5.3.1"
            }
        },
        "node_modules/systeminformation": {
            "version": "5.3.1",
            "resolved": "https://registry.npmjs.org/systeminformation/-/systeminformation-5.3.1.tgz",
            "integrity": "sha512-1xG+6xfKXSowtZsAlUp6jVaV0q+5rq9yUN+ds6Hp2dR3/EdEU5r0v74qi5YF8BCGZfmddiOwDNB0h7ge70fmYA==",
            "os": [
                "darwin",
                "linux",
                "win32",
                "freebsd",
                "openbsd",
                "netbsd",
                "sunos"
            ],
            "bin": {
                "systeminformation": "lib/cli.js"
            },
            "engines": {
                "node": ">=4.0.0"
            },
            "funding": {
                "type": "Buy me a coffee",
                "url": "https://www.buymeacoffee.com/systeminfo"
            }
        }
    },
    "dependencies": {
        "systeminformation": {
            "version": "5.3.1",
            "resolved": "https://registry.npmjs.org/systeminformation/-/systeminformation-5.3.1.tgz",
            "integrity": "sha512-1xG+6xfKXSowtZsAlUp6jVaV0q+5rq9yUN+ds6Hp2dR3/EdEU5r0v74qi5YF8BCGZfmddiOwDNB0h7ge70fmYA=="
        }
    }
}
